
Microsoft Visual Studio Solution File, Format Version 12.00
# Visual Studio 15
VisualStudioVersion = 15.0.28010.2026
MinimumVisualStudioVersion = 10.0.40219.1
Project("{FAE04EC0-301F-11D3-BF4B-00C04F79EFBC}") = "Manta", "Manta\Manta.csproj", "{9DAC53F5-84DE-4727-A5B7-643526241AD5}"
EndProject
Project("{FAE04EC0-301F-11D3-BF4B-00C04F79EFBC}") = "Manta_dev_Data", "Manta_dev_Data\Manta_dev_Data.csproj", "{C4E29FBA-BB13-4BBF-A4FD-884B440868DB}"
EndProject
Project("{FAE04EC0-301F-11D3-BF4B-00C04F79EFBC}") = "Manta_dev_ViewModel", "Manta_dev_ViewModel\Manta_dev_ViewModel.csproj", "{9E2AF29D-ECF8-4AA7-86C3-398FA724948F}"
EndProject
Global
	GlobalSection(SolutionConfigurationPlatforms) = preSolution
		Debug|Any CPU = Debug|Any CPU
		Release|Any CPU = Release|Any CPU
	EndGlobalSection
	GlobalSection(ProjectConfigurationPlatforms) = postSolution
		{9DAC53F5-84DE-4727-A5B7-643526241AD5}.Debug|Any CPU.ActiveCfg = Debug|Any CPU
		{9DAC53F5-84DE-4727-A5B7-643526241AD5}.Debug|Any CPU.Build.0 = Debug|Any CPU
		{9DAC53F5-84DE-4727-A5B7-643526241AD5}.Release|Any CPU.ActiveCfg = Release|Any CPU
		{9DAC53F5-84DE-4727-A5B7-643526241AD5}.Release|Any CPU.Build.0 = Release|Any CPU
		{C4E29FBA-BB13-4BBF-A4FD-884B440868DB}.Debug|Any CPU.ActiveCfg = Debug|Any CPU
		{C4E29FBA-BB13-4BBF-A4FD-884B440868DB}.Debug|Any CPU.Build.0 = Debug|Any CPU
		{C4E29FBA-BB13-4BBF-A4FD-884B440868DB}.Release|Any CPU.ActiveCfg = Release|Any CPU
		{C4E29FBA-BB13-4BBF-A4FD-884B440868DB}.Release|Any CPU.Build.0 = Release|Any CPU
		{9E2AF29D-ECF8-4AA7-86C3-398FA724948F}.Debug|Any CPU.ActiveCfg = Debug|Any CPU
		{9E2AF29D-ECF8-4AA7-86C3-398FA724948F}.Debug|Any CPU.Build.0 = Debug|Any CPU
		{9E2AF29D-ECF8-4AA7-86C3-398FA724948F}.Release|Any CPU.ActiveCfg = Release|Any CPU
		{9E2AF29D-ECF8-4AA7-86C3-398FA724948F}.Release|Any CPU.Build.0 = Release|Any CPU
	EndGlobalSection
	GlobalSection(SolutionProperties) = preSolution
		HideSolutionNode = FALSE
	EndGlobalSection
	GlobalSection(ExtensibilityGlobals) = postSolution
		SolutionGuid = {091C1757-FEDA-4CF4-B3E9-1A68392216B4}
	EndGlobalSection
EndGlobal
